
Microsoft Visual Studio Solution File, Format Version 12.00
# Visual Studio 2013
VisualStudioVersion = 12.0.31101.0
MinimumVisualStudioVersion = 10.0.40219.1
Project("{FAE04EC0-301F-11D3-BF4B-00C04F79EFBC}") = "ShopTest.ODataBackend", "ODataBackend/ShopTest.ODataBackend.csproj", "{1F94CDBB-A084-45A2-83EB-A5A53ACD4ADE}"
EndProject
Project("{FAE04EC0-301F-11D3-BF4B-00C04F79EFBC}") = "ShopTest.Objects", "Objects/ShopTest.Objects.csproj", "{AB5CCAA3-1CA4-4B5C-8A0B-6F9EE763CD8B}"
EndProject
Global
	GlobalSection(SolutionConfigurationPlatforms) = preSolution
Debug|Any CPU = Debug|Any CPU
Release|Any CPU = Release|Any CPU
	EndGlobalSection
	GlobalSection(ProjectConfigurationPlatforms) = postSolution
		{1F94CDBB-A084-45A2-83EB-A5A53ACD4ADE}.Debug|Any CPU.ActiveCfg = Debug|Any CPU
		{1F94CDBB-A084-45A2-83EB-A5A53ACD4ADE}.Debug|Any CPU.Build.0 = Debug|Any CPU
		{1F94CDBB-A084-45A2-83EB-A5A53ACD4ADE}.Release|Any CPU.ActiveCfg = Release|Any CPU
		{1F94CDBB-A084-45A2-83EB-A5A53ACD4ADE}.Release|Any CPU.Build.0 = Release|Any CPU
		{AB5CCAA3-1CA4-4B5C-8A0B-6F9EE763CD8B}.Debug|Any CPU.ActiveCfg = Debug|Any CPU
		{AB5CCAA3-1CA4-4B5C-8A0B-6F9EE763CD8B}.Debug|Any CPU.Build.0 = Debug|Any CPU
		{AB5CCAA3-1CA4-4B5C-8A0B-6F9EE763CD8B}.Release|Any CPU.ActiveCfg = Release|Any CPU
		{AB5CCAA3-1CA4-4B5C-8A0B-6F9EE763CD8B}.Release|Any CPU.Build.0 = Release|Any CPU
	EndGlobalSection
	GlobalSection(SolutionProperties) = preSolution
		HideSolutionNode = FALSE
	EndGlobalSection
EndGlobal
